
Microsoft Visual Studio Solution File, Format Version 12.00
# Visual Studio Version 16
VisualStudioVersion = 16.0.30320.27
MinimumVisualStudioVersion = 10.0.40219.1
Project("{FAE04EC0-301F-11D3-BF4B-00C04F79EFBC}") = "ConsoleFormsTest", "ConsoleFormsTest\ConsoleFormsTest.csproj", "{0E92EBA2-D369-4CCF-9497-204325387D5B}"
EndProject
Project("{FAE04EC0-301F-11D3-BF4B-00C04F79EFBC}") = "PinkConsoleForms", "ConsoleForms\PinkConsoleForms.csproj", "{D43CFF1D-F9A9-4C7C-84E8-9D6CA88C5F4C}"
EndProject
Global
	GlobalSection(SolutionConfigurationPlatforms) = preSolution
		Debug|Any CPU = Debug|Any CPU
		Release|Any CPU = Release|Any CPU
	EndGlobalSection
	GlobalSection(ProjectConfigurationPlatforms) = postSolution
		{0E92EBA2-D369-4CCF-9497-204325387D5B}.Debug|Any CPU.ActiveCfg = Debug|Any CPU
		{0E92EBA2-D369-4CCF-9497-204325387D5B}.Debug|Any CPU.Build.0 = Debug|Any CPU
		{0E92EBA2-D369-4CCF-9497-204325387D5B}.Release|Any CPU.ActiveCfg = Release|Any CPU
		{0E92EBA2-D369-4CCF-9497-204325387D5B}.Release|Any CPU.Build.0 = Release|Any CPU
		{D43CFF1D-F9A9-4C7C-84E8-9D6CA88C5F4C}.Debug|Any CPU.ActiveCfg = Debug|Any CPU
		{D43CFF1D-F9A9-4C7C-84E8-9D6CA88C5F4C}.Debug|Any CPU.Build.0 = Debug|Any CPU
		{D43CFF1D-F9A9-4C7C-84E8-9D6CA88C5F4C}.Release|Any CPU.ActiveCfg = Release|Any CPU
		{D43CFF1D-F9A9-4C7C-84E8-9D6CA88C5F4C}.Release|Any CPU.Build.0 = Release|Any CPU
	EndGlobalSection
	GlobalSection(SolutionProperties) = preSolution
		HideSolutionNode = FALSE
	EndGlobalSection
	GlobalSection(ExtensibilityGlobals) = postSolution
		SolutionGuid = {1CA5DD5A-87D4-452C-9D1B-3BCE93886009}
	EndGlobalSection
EndGlobal
